<?xml version="1.0" encoding="utf-8"?>
<Project ToolsVersion="4.0" xmlns="http://schemas.microsoft.com/developer/msbuild/2003">
  <ItemGroup>
    <Filter Include="Sources">
      <UniqueIdentifier>{fbad69bf-bc8c-4461-8e60-707b9e9c10ed}</UniqueIdentifier>
      <Extensions>cpp;c;cc;cxx;def;odl;idl;hpj;bat;asm;asmx</Extensions>
    </Filter>
    <Filter Include="Headers">
      <UniqueIdentifier>{71d44dcd-985d-4f36-b0d7-74c166630615}</UniqueIdentifier>
      <Extensions>h;hh;hpp;hxx;hm;inl;inc;xsd</Extensions>
    </Filter>
  </ItemGroup>
  <ItemGroup>
    <ClCompile Include="..\..\Source\Common\Windows.cpp">
      <Filter>Sources</Filter>
    </ClCompile>
    <ClCompile Include="..\..\Source\Common\Renderer.cpp">
      <Filter>Sources</Filter>
    </ClCompile>
    <ClCompile Include="..\..\Source\Common\Shader.cpp">
      <Filter>Sources</Filter>
    </ClCompile>
    <ClCompile Include="..\..\Source\Common\RenderObject.cpp">
      <Filter>Sources</Filter>
    </ClCompile>
    <ClCompile Include="..\..\Source\Common\Spriter.cpp">
      <Filter>Sources</Filter>
    </ClCompile>
    <ClCompile Include="..\..\Source\Common\Texture.cpp">
      <Filter>Sources</Filter>
    </ClCompile>
    <ClCompile Include="..\..\Source\Common\Mesh.cpp">
      <Filter>Sources</Filter>
    </ClCompile>
    <ClCompile Include="..\..\Source\Common\Material.cpp">
      <Filter>Sources</Filter>
    </ClCompile>
  </ItemGroup>
  <ItemGroup>
    <ClInclude Include="..\..\Include\Common\Typedef.h">
      <Filter>Headers</Filter>
    </ClInclude>
    <ClInclude Include="..\..\Include\Common\Windows.h">
      <Filter>Headers</Filter>
    </ClInclude>
    <ClInclude Include="..\..\Include\Common\Trace.h">
      <Filter>Headers</Filter>
    </ClInclude>
    <ClInclude Include="..\..\Include\Common\Renderer.h">
      <Filter>Headers</Filter>
    </ClInclude>
    <ClInclude Include="..\..\Include\Common\RenderObject.h">
      <Filter>Headers</Filter>
    </ClInclude>
    <ClInclude Include="..\..\Include\Common\Camera.h">
      <Filter>Headers</Filter>
    </ClInclude>
    <ClInclude Include="..\..\Include\Common\Shader.h">
      <Filter>Headers</Filter>
    </ClInclude>
    <ClInclude Include="..\..\Include\Common\stb_image.h">
      <Filter>Headers</Filter>
    </ClInclude>
    <ClInclude Include="..\..\Include\Common\Spriter.h">
      <Filter>Headers</Filter>
    </ClInclude>
    <ClInclude Include="..\..\Include\Common\Texture.h">
      <Filter>Headers</Filter>
    </ClInclude>
    <ClInclude Include="..\..\Include\Common\shaderstr.h">
      <Filter>Headers</Filter>
    </ClInclude>
    <ClInclude Include="..\..\Include\Common\shader_glsl.h">
      <Filter>Headers</Filter>
    </ClInclude>
    <ClInclude Include="..\..\Include\Common\Mesh.h">
      <Filter>Headers</Filter>
    </ClInclude>
    <ClInclude Include="..\..\Include\Common\Material.h">
      <Filter>Headers</Filter>
    </ClInclude>
  </ItemGroup>
</Project>